
Microsoft Visual Studio Solution File, Format Version 12.00
# Visual Studio Version 17
VisualStudioVersion = 17.4.33213.308
MinimumVisualStudioVersion = 10.0.40219.1
Project("{9A19103F-16F7-4668-BE54-9A1E7A4F7556}") = "Tableau.Migration", "src\Tableau.Migration\Tableau.Migration.csproj", "{54C357A4-ED58-4E3A-9E5D-47DA17D9BD4B}"
EndProject
Project("{2150E333-8FDC-42A3-9474-1A3956D46DE8}") = "Tests", "Tests", "{9BF466A2-E00F-4F2C-AD23-591E9159AD11}"
EndProject
Project("{9A19103F-16F7-4668-BE54-9A1E7A4F7556}") = "Tableau.Migration.Tests", "tests\Tableau.Migration.Tests\Tableau.Migration.Tests.csproj", "{E71B1084-8907-4070-AD26-2189C80A2C34}"
EndProject
Project("{2150E333-8FDC-42A3-9474-1A3956D46DE8}") = "Solution Items", "Solution Items", "{C5BD8316-60C9-4C96-9B15-820E8BA4DF7F}"
	ProjectSection(SolutionItems) = preProject
		.editorconfig = .editorconfig
		.gitignore = .gitignore
		CODEOWNERS = CODEOWNERS
		CODE_OF_CONDUCT.md = CODE_OF_CONDUCT.md
		CONTRIBUTING.md = CONTRIBUTING.md
		Directory.Build.props = Directory.Build.props
		global.json = global.json
		LICENSE.txt = LICENSE.txt
		README.md = README.md
		SECURITY.md = SECURITY.md
	EndProjectSection
EndProject
Project("{2150E333-8FDC-42A3-9474-1A3956D46DE8}") = ".config", ".config", "{1D53209C-9F3D-4F64-ABDF-FEA30F0C3D5D}"
	ProjectSection(SolutionItems) = preProject
		.config\dotnet-tools.json = .config\dotnet-tools.json
	EndProjectSection
EndProject
Project("{9A19103F-16F7-4668-BE54-9A1E7A4F7556}") = "Documentation", "src\Documentation\Documentation.csproj", "{94BB1843-8A7E-4E4D-93BE-5EAB701288C5}"
EndProject
Project("{888888A0-9F3D-457C-B088-3A5042F75D52}") = "Python", "src\Python\Python.pyproj", "{BE5883A2-623A-417D-80CE-013425D26482}"
	ProjectSection(ProjectDependencies) = postProject
		{54C357A4-ED58-4E3A-9E5D-47DA17D9BD4B} = {54C357A4-ED58-4E3A-9E5D-47DA17D9BD4B}
	EndProjectSection
EndProject
Project("{9A19103F-16F7-4668-BE54-9A1E7A4F7556}") = "Tableau.Migration.TestApplication", "tests\Tableau.Migration.TestApplication\Tableau.Migration.TestApplication.csproj", "{9B20E6B0-E733-4280-9D63-0BAFA0A23276}"
EndProject
Project("{888888A0-9F3D-457C-B088-3A5042F75D52}") = "Python.TestApplication", "tests\Python.TestApplication\Python.TestApplication.pyproj", "{BCA30617-0CAF-405C-A26B-522CF20DB027}"
EndProject
Project("{2150E333-8FDC-42A3-9474-1A3956D46DE8}") = "Examples", "Examples", "{00B78B56-BF89-4F26-AF75-435A4B88D43F}"
EndProject
Project("{888888A0-9F3D-457C-B088-3A5042F75D52}") = "Python.ExampleApplication", "examples\Python.ExampleApplication\Python.ExampleApplication.pyproj", "{9C94FBC9-AE67-4A26-BDDA-EB2CE9FE5C25}"
EndProject
Project("{9A19103F-16F7-4668-BE54-9A1E7A4F7556}") = "Csharp.ExampleApplication", "examples\Csharp.ExampleApplication\Csharp.ExampleApplication.csproj", "{B0D16449-BC58-4873-8B95-F62E805EE39C}"
EndProject
Project("{2150E333-8FDC-42A3-9474-1A3956D46DE8}") = "scripts", "scripts", "{92044843-B4D7-4062-B1D5-DE7596072E33}"
	ProjectSection(SolutionItems) = preProject
		scripts\generate-docs.ps1 = scripts\generate-docs.ps1
		scripts\sync-release-settings.json = scripts\sync-release-settings.json
		scripts\sync-release.ps1 = scripts\sync-release.ps1
	EndProjectSection
EndProject
Project("{9A19103F-16F7-4668-BE54-9A1E7A4F7556}") = "DependencyInjection.ExampleApplication", "examples\DependencyInjection.ExampleApplication\DependencyInjection.ExampleApplication.csproj", "{99DA12FB-BB16-4EE1-9C9C-047755210255}"
EndProject
Project("{2150E333-8FDC-42A3-9474-1A3956D46DE8}") = ".github", ".github", "{90102C4B-EC3B-4279-A6C6-A6CFDFCD4DB4}"
	ProjectSection(SolutionItems) = preProject
		.github\pull_request_template.md = .github\pull_request_template.md
		.github\release.yaml = .github\release.yaml
	EndProjectSection
EndProject
Project("{2150E333-8FDC-42A3-9474-1A3956D46DE8}") = "actions", "actions", "{6B735E6E-1FFB-4C37-8CF6-BD979B4F8D9B}"
EndProject
Project("{2150E333-8FDC-42A3-9474-1A3956D46DE8}") = "workflows", "workflows", "{EDD52CC0-7289-4167-A01E-E88B015FC67F}"
	ProjectSection(SolutionItems) = preProject
		.github\workflows\create-release.yml = .github\workflows\create-release.yml
		.github\workflows\dotnet-build.yml = .github\workflows\dotnet-build.yml
		.github\workflows\dotnet-package.yml = .github\workflows\dotnet-package.yml
		.github\workflows\dotnet-test.yml = .github\workflows\dotnet-test.yml
		.github\workflows\publishdocs-dryrun.yml = .github\workflows\publishdocs-dryrun.yml
		.github\workflows\publishdocs.yml = .github\workflows\publishdocs.yml
		.github\workflows\python-package.yml = .github\workflows\python-package.yml
		.github\workflows\python-test.yml = .github\workflows\python-test.yml
		.github\workflows\README.md = .github\workflows\README.md
		.github\workflows\sdk-workflow.yml = .github\workflows\sdk-workflow.yml
	EndProjectSection
EndProject
Project("{2150E333-8FDC-42A3-9474-1A3956D46DE8}") = "setup-dotnet", "setup-dotnet", "{454EF272-D967-4668-A20D-AD6B3EE96C1A}"
	ProjectSection(SolutionItems) = preProject
		.github\actions\setup-dotnet\action.yml = .github\actions\setup-dotnet\action.yml
	EndProjectSection
EndProject
Project("{9A19103F-16F7-4668-BE54-9A1E7A4F7556}") = "Tableau.Migration.PythonGenerator", "src\Tableau.Migration.PythonGenerator\Tableau.Migration.PythonGenerator.csproj", "{F20029C7-4514-4668-8941-B2C3BC245CCB}"
EndProject
Project("{888888A0-9F3D-457C-B088-3A5042F75D52}") = "Python.ExampleApplication.Tests", "tests\Python.ExampleApplication.Tests\Python.ExampleApplication.Tests.pyproj", "{B1884017-8E25-4A26-8C89-D9D880CFA392}"
EndProject
Global
	GlobalSection(SolutionConfigurationPlatforms) = preSolution
		Debug|Any CPU = Debug|Any CPU
		Release|Any CPU = Release|Any CPU
	EndGlobalSection
	GlobalSection(ProjectConfigurationPlatforms) = postSolution
		{54C357A4-ED58-4E3A-9E5D-47DA17D9BD4B}.Debug|Any CPU.ActiveCfg = Debug|Any CPU
		{54C357A4-ED58-4E3A-9E5D-47DA17D9BD4B}.Debug|Any CPU.Build.0 = Debug|Any CPU
		{54C357A4-ED58-4E3A-9E5D-47DA17D9BD4B}.Release|Any CPU.ActiveCfg = Release|Any CPU
		{54C357A4-ED58-4E3A-9E5D-47DA17D9BD4B}.Release|Any CPU.Build.0 = Release|Any CPU
		{E71B1084-8907-4070-AD26-2189C80A2C34}.Debug|Any CPU.ActiveCfg = Debug|Any CPU
		{E71B1084-8907-4070-AD26-2189C80A2C34}.Debug|Any CPU.Build.0 = Debug|Any CPU
		{E71B1084-8907-4070-AD26-2189C80A2C34}.Release|Any CPU.ActiveCfg = Release|Any CPU
		{E71B1084-8907-4070-AD26-2189C80A2C34}.Release|Any CPU.Build.0 = Release|Any CPU
		{94BB1843-8A7E-4E4D-93BE-5EAB701288C5}.Debug|Any CPU.ActiveCfg = Debug|Any CPU
		{94BB1843-8A7E-4E4D-93BE-5EAB701288C5}.Release|Any CPU.ActiveCfg = Release|Any CPU
		{BE5883A2-623A-417D-80CE-013425D26482}.Debug|Any CPU.ActiveCfg = Debug|Any CPU
		{BE5883A2-623A-417D-80CE-013425D26482}.Release|Any CPU.ActiveCfg = Release|Any CPU
		{9B20E6B0-E733-4280-9D63-0BAFA0A23276}.Debug|Any CPU.ActiveCfg = Debug|Any CPU
		{9B20E6B0-E733-4280-9D63-0BAFA0A23276}.Debug|Any CPU.Build.0 = Debug|Any CPU
		{9B20E6B0-E733-4280-9D63-0BAFA0A23276}.Release|Any CPU.ActiveCfg = Release|Any CPU
		{9B20E6B0-E733-4280-9D63-0BAFA0A23276}.Release|Any CPU.Build.0 = Release|Any CPU
		{BCA30617-0CAF-405C-A26B-522CF20DB027}.Debug|Any CPU.ActiveCfg = Debug|Any CPU
		{BCA30617-0CAF-405C-A26B-522CF20DB027}.Release|Any CPU.ActiveCfg = Release|Any CPU
		{9C94FBC9-AE67-4A26-BDDA-EB2CE9FE5C25}.Debug|Any CPU.ActiveCfg = Debug|Any CPU
		{9C94FBC9-AE67-4A26-BDDA-EB2CE9FE5C25}.Release|Any CPU.ActiveCfg = Release|Any CPU
		{B0D16449-BC58-4873-8B95-F62E805EE39C}.Debug|Any CPU.ActiveCfg = Debug|Any CPU
		{B0D16449-BC58-4873-8B95-F62E805EE39C}.Debug|Any CPU.Build.0 = Debug|Any CPU
		{B0D16449-BC58-4873-8B95-F62E805EE39C}.Release|Any CPU.ActiveCfg = Release|Any CPU
		{B0D16449-BC58-4873-8B95-F62E805EE39C}.Release|Any CPU.Build.0 = Release|Any CPU
		{99DA12FB-BB16-4EE1-9C9C-047755210255}.Debug|Any CPU.ActiveCfg = Debug|Any CPU
		{99DA12FB-BB16-4EE1-9C9C-047755210255}.Debug|Any CPU.Build.0 = Debug|Any CPU
		{99DA12FB-BB16-4EE1-9C9C-047755210255}.Release|Any CPU.ActiveCfg = Release|Any CPU
		{99DA12FB-BB16-4EE1-9C9C-047755210255}.Release|Any CPU.Build.0 = Release|Any CPU
		{F20029C7-4514-4668-8941-B2C3BC245CCB}.Debug|Any CPU.ActiveCfg = Debug|Any CPU
		{F20029C7-4514-4668-8941-B2C3BC245CCB}.Debug|Any CPU.Build.0 = Debug|Any CPU
		{F20029C7-4514-4668-8941-B2C3BC245CCB}.Release|Any CPU.ActiveCfg = Release|Any CPU
		{F20029C7-4514-4668-8941-B2C3BC245CCB}.Release|Any CPU.Build.0 = Release|Any CPU
		{B1884017-8E25-4A26-8C89-D9D880CFA392}.Debug|Any CPU.ActiveCfg = Debug|Any CPU
		{B1884017-8E25-4A26-8C89-D9D880CFA392}.Release|Any CPU.ActiveCfg = Release|Any CPU
	EndGlobalSection
	GlobalSection(SolutionProperties) = preSolution
		HideSolutionNode = FALSE
	EndGlobalSection
	GlobalSection(NestedProjects) = preSolution
		{E71B1084-8907-4070-AD26-2189C80A2C34} = {9BF466A2-E00F-4F2C-AD23-591E9159AD11}
		{1D53209C-9F3D-4F64-ABDF-FEA30F0C3D5D} = {C5BD8316-60C9-4C96-9B15-820E8BA4DF7F}
		{9B20E6B0-E733-4280-9D63-0BAFA0A23276} = {9BF466A2-E00F-4F2C-AD23-591E9159AD11}
		{BCA30617-0CAF-405C-A26B-522CF20DB027} = {9BF466A2-E00F-4F2C-AD23-591E9159AD11}
		{9C94FBC9-AE67-4A26-BDDA-EB2CE9FE5C25} = {00B78B56-BF89-4F26-AF75-435A4B88D43F}
		{B0D16449-BC58-4873-8B95-F62E805EE39C} = {00B78B56-BF89-4F26-AF75-435A4B88D43F}
		{92044843-B4D7-4062-B1D5-DE7596072E33} = {C5BD8316-60C9-4C96-9B15-820E8BA4DF7F}
		{99DA12FB-BB16-4EE1-9C9C-047755210255} = {00B78B56-BF89-4F26-AF75-435A4B88D43F}
		{90102C4B-EC3B-4279-A6C6-A6CFDFCD4DB4} = {C5BD8316-60C9-4C96-9B15-820E8BA4DF7F}
		{6B735E6E-1FFB-4C37-8CF6-BD979B4F8D9B} = {90102C4B-EC3B-4279-A6C6-A6CFDFCD4DB4}
		{EDD52CC0-7289-4167-A01E-E88B015FC67F} = {90102C4B-EC3B-4279-A6C6-A6CFDFCD4DB4}
		{454EF272-D967-4668-A20D-AD6B3EE96C1A} = {6B735E6E-1FFB-4C37-8CF6-BD979B4F8D9B}
		{B1884017-8E25-4A26-8C89-D9D880CFA392} = {9BF466A2-E00F-4F2C-AD23-591E9159AD11}
	EndGlobalSection
	GlobalSection(ExtensibilityGlobals) = postSolution
		SolutionGuid = {2C9E9FF4-E825-47A4-90BE-5499D5EDF3CC}
	EndGlobalSection
EndGlobal
